
Microsoft Visual Studio Solution File, Format Version 12.00
# Visual Studio 15
VisualStudioVersion = 15.0.28010.2003
MinimumVisualStudioVersion = 10.0.40219.1
Project("{FAE04EC0-301F-11D3-BF4B-00C04F79EFBC}") = "Aug30", "Aug30\Aug30.csproj", "{249F8AB9-FF9C-4C43-B200-B91A23AF1E1C}"
EndProject
Global
	GlobalSection(SolutionConfigurationPlatforms) = preSolution
		Debug|Any CPU = Debug|Any CPU
		Release|Any CPU = Release|Any CPU
	EndGlobalSection
	GlobalSection(ProjectConfigurationPlatforms) = postSolution
		{249F8AB9-FF9C-4C43-B200-B91A23AF1E1C}.Debug|Any CPU.ActiveCfg = Debug|Any CPU
		{249F8AB9-FF9C-4C43-B200-B91A23AF1E1C}.Debug|Any CPU.Build.0 = Debug|Any CPU
		{249F8AB9-FF9C-4C43-B200-B91A23AF1E1C}.Release|Any CPU.ActiveCfg = Release|Any CPU
		{249F8AB9-FF9C-4C43-B200-B91A23AF1E1C}.Release|Any CPU.Build.0 = Release|Any CPU
	EndGlobalSection
	GlobalSection(SolutionProperties) = preSolution
		HideSolutionNode = FALSE
	EndGlobalSection
	GlobalSection(ExtensibilityGlobals) = postSolution
		SolutionGuid = {F1D75F67-3790-4E67-8ACD-B28D29A1311C}
	EndGlobalSection
EndGlobal
